
Microsoft Visual Studio Solution File, Format Version 12.00
# Visual Studio Version 17
VisualStudioVersion = 17.8.34601.278
MinimumVisualStudioVersion = 10.0.40219.1
Project("{FAE04EC0-301F-11D3-BF4B-00C04F79EFBC}") = "PalindromeNum", "PalindromeNum.csproj", "{DE9CDEEC-6BCE-4450-81F0-D86FEB4D7361}"
EndProject
Global
	GlobalSection(SolutionConfigurationPlatforms) = preSolution
		Debug|Any CPU = Debug|Any CPU
		Release|Any CPU = Release|Any CPU
	EndGlobalSection
	GlobalSection(ProjectConfigurationPlatforms) = postSolution
		{DE9CDEEC-6BCE-4450-81F0-D86FEB4D7361}.Debug|Any CPU.ActiveCfg = Debug|Any CPU
		{DE9CDEEC-6BCE-4450-81F0-D86FEB4D7361}.Debug|Any CPU.Build.0 = Debug|Any CPU
		{DE9CDEEC-6BCE-4450-81F0-D86FEB4D7361}.Release|Any CPU.ActiveCfg = Release|Any CPU
		{DE9CDEEC-6BCE-4450-81F0-D86FEB4D7361}.Release|Any CPU.Build.0 = Release|Any CPU
	EndGlobalSection
	GlobalSection(SolutionProperties) = preSolution
		HideSolutionNode = FALSE
	EndGlobalSection
	GlobalSection(ExtensibilityGlobals) = postSolution
		SolutionGuid = {A5FC686B-EF62-4770-BADB-3A53AEB2FA86}
	EndGlobalSection
EndGlobal
