
Microsoft Visual Studio Solution File, Format Version 12.00
# Visual Studio Version 17
VisualStudioVersion = 17.8.34601.278
MinimumVisualStudioVersion = 10.0.40219.1
Project("{FAE04EC0-301F-11D3-BF4B-00C04F79EFBC}") = "1. Two Sum", "1. Two Sum.csproj", "{86B8B29F-01DB-4D17-9FFB-AE06325B715A}"
EndProject
Global
	GlobalSection(SolutionConfigurationPlatforms) = preSolution
		Debug|Any CPU = Debug|Any CPU
		Release|Any CPU = Release|Any CPU
	EndGlobalSection
	GlobalSection(ProjectConfigurationPlatforms) = postSolution
		{86B8B29F-01DB-4D17-9FFB-AE06325B715A}.Debug|Any CPU.ActiveCfg = Debug|Any CPU
		{86B8B29F-01DB-4D17-9FFB-AE06325B715A}.Debug|Any CPU.Build.0 = Debug|Any CPU
		{86B8B29F-01DB-4D17-9FFB-AE06325B715A}.Release|Any CPU.ActiveCfg = Release|Any CPU
		{86B8B29F-01DB-4D17-9FFB-AE06325B715A}.Release|Any CPU.Build.0 = Release|Any CPU
	EndGlobalSection
	GlobalSection(SolutionProperties) = preSolution
		HideSolutionNode = FALSE
	EndGlobalSection
	GlobalSection(ExtensibilityGlobals) = postSolution
		SolutionGuid = {397F597D-B2EA-4468-8A11-A70BFB44F9FE}
	EndGlobalSection
EndGlobal
